
Microsoft Visual Studio Solution File, Format Version 12.00
# Visual Studio Version 16
VisualStudioVersion = 16.0.34301.259
MinimumVisualStudioVersion = 10.0.40219.1
Project("{8BC9CEB8-8B4A-11D0-8D11-00A0C91BC942}") = "zdk11", "zdk11.vcxproj", "{121D1CA5-629A-4E5C-933D-A4D13289D71D}"
EndProject
Global
	GlobalSection(SolutionConfigurationPlatforms) = preSolution
		Debug|x64 = Debug|x64
		Debug|x86 = Debug|x86
		Release|x64 = Release|x64
		Release|x86 = Release|x86
	EndGlobalSection
	GlobalSection(ProjectConfigurationPlatforms) = postSolution
		{121D1CA5-629A-4E5C-933D-A4D13289D71D}.Debug|x64.ActiveCfg = Debug|x64
		{121D1CA5-629A-4E5C-933D-A4D13289D71D}.Debug|x64.Build.0 = Debug|x64
		{121D1CA5-629A-4E5C-933D-A4D13289D71D}.Debug|x86.ActiveCfg = Debug|Win32
		{121D1CA5-629A-4E5C-933D-A4D13289D71D}.Debug|x86.Build.0 = Debug|Win32
		{121D1CA5-629A-4E5C-933D-A4D13289D71D}.Release|x64.ActiveCfg = Release|x64
		{121D1CA5-629A-4E5C-933D-A4D13289D71D}.Release|x64.Build.0 = Release|x64
		{121D1CA5-629A-4E5C-933D-A4D13289D71D}.Release|x86.ActiveCfg = Release|Win32
		{121D1CA5-629A-4E5C-933D-A4D13289D71D}.Release|x86.Build.0 = Release|Win32
	EndGlobalSection
	GlobalSection(SolutionProperties) = preSolution
		HideSolutionNode = FALSE
	EndGlobalSection
	GlobalSection(ExtensibilityGlobals) = postSolution
		SolutionGuid = {0962E1BB-EBE6-4A37-836D-C5B4A418FA0F}
	EndGlobalSection
EndGlobal
